{
  "name": "docker",
  "lockfileVersion": 3,
  "requires": true,
  "packages": {
    "": {
      "dependencies": {
        "@angular/common": "file:17.0.5/locales/pt-BR"
      }
    },
    "17.0.5/locales/pt-BR": {},
    "node_modules/@angular/common": {
      "resolved": "17.0.5/locales/pt-BR",
      "link": true
    }
  }
}
